
Microsoft Visual Studio Solution File, Format Version 12.00
# Visual Studio Version 16
VisualStudioVersion = 16.0.34114.132
MinimumVisualStudioVersion = 10.0.40219.1
Project("{FAE04EC0-301F-11D3-BF4B-00C04F79EFBC}") = "HomeWork1", "HomeWork1.csproj", "{BB4C87EF-18D2-4A90-8DF0-893AA771FBE6}"
EndProject
Global
	GlobalSection(SolutionConfigurationPlatforms) = preSolution
		Debug|Any CPU = Debug|Any CPU
		Release|Any CPU = Release|Any CPU
	EndGlobalSection
	GlobalSection(ProjectConfigurationPlatforms) = postSolution
		{BB4C87EF-18D2-4A90-8DF0-893AA771FBE6}.Debug|Any CPU.ActiveCfg = Debug|Any CPU
		{BB4C87EF-18D2-4A90-8DF0-893AA771FBE6}.Debug|Any CPU.Build.0 = Debug|Any CPU
		{BB4C87EF-18D2-4A90-8DF0-893AA771FBE6}.Release|Any CPU.ActiveCfg = Release|Any CPU
		{BB4C87EF-18D2-4A90-8DF0-893AA771FBE6}.Release|Any CPU.Build.0 = Release|Any CPU
	EndGlobalSection
	GlobalSection(SolutionProperties) = preSolution
		HideSolutionNode = FALSE
	EndGlobalSection
	GlobalSection(ExtensibilityGlobals) = postSolution
		SolutionGuid = {4D3A6947-E8E9-4953-8C1C-6EEAA6182E85}
	EndGlobalSection
EndGlobal
